
Microsoft Visual Studio Solution File, Format Version 12.00
# Visual Studio 15
VisualStudioVersion = 15.0.27703.1
MinimumVisualStudioVersion = 10.0.40219.1
Project("{FAE04EC0-301F-11D3-BF4B-00C04F79EFBC}") = "SB.ChatBotManagment", "SB.ChatBotManagment\SB.ChatBotManagment.csproj", "{E544A6C5-6A1A-4EF6-ABCD-5E17BB5039E0}"
EndProject
Project("{FAE04EC0-301F-11D3-BF4B-00C04F79EFBC}") = "SB.ChatBotManagment.Test", "SB.ChatBotManagment.Test\SB.ChatBotManagment.Test.csproj", "{5EB07CA1-DEF0-4B0C-A94A-2D50A6946E9A}"
EndProject
Global
	GlobalSection(SolutionConfigurationPlatforms) = preSolution
		Debug|Any CPU = Debug|Any CPU
		Release|Any CPU = Release|Any CPU
	EndGlobalSection
	GlobalSection(ProjectConfigurationPlatforms) = postSolution
		{E544A6C5-6A1A-4EF6-ABCD-5E17BB5039E0}.Debug|Any CPU.ActiveCfg = Debug|Any CPU
		{E544A6C5-6A1A-4EF6-ABCD-5E17BB5039E0}.Debug|Any CPU.Build.0 = Debug|Any CPU
		{E544A6C5-6A1A-4EF6-ABCD-5E17BB5039E0}.Release|Any CPU.ActiveCfg = Release|Any CPU
		{E544A6C5-6A1A-4EF6-ABCD-5E17BB5039E0}.Release|Any CPU.Build.0 = Release|Any CPU
		{5EB07CA1-DEF0-4B0C-A94A-2D50A6946E9A}.Debug|Any CPU.ActiveCfg = Debug|Any CPU
		{5EB07CA1-DEF0-4B0C-A94A-2D50A6946E9A}.Debug|Any CPU.Build.0 = Debug|Any CPU
		{5EB07CA1-DEF0-4B0C-A94A-2D50A6946E9A}.Release|Any CPU.ActiveCfg = Release|Any CPU
		{5EB07CA1-DEF0-4B0C-A94A-2D50A6946E9A}.Release|Any CPU.Build.0 = Release|Any CPU
	EndGlobalSection
	GlobalSection(SolutionProperties) = preSolution
		HideSolutionNode = FALSE
	EndGlobalSection
	GlobalSection(ExtensibilityGlobals) = postSolution
		SolutionGuid = {910153AA-0513-4F66-BF2E-17C19244991B}
	EndGlobalSection
EndGlobal
